
Microsoft Visual Studio Solution File, Format Version 12.00
# Visual Studio Version 16
VisualStudioVersion = 16.0.31624.102
MinimumVisualStudioVersion = 10.0.40219.1
Project("{FAE04EC0-301F-11D3-BF4B-00C04F79EFBC}") = "ST_LaboratoryWork2", "ST_LaboratoryWork2\ST_LaboratoryWork2.csproj", "{DCBCD515-0D92-42EB-A3EC-9B532F6B2472}"
EndProject
Project("{FAE04EC0-301F-11D3-BF4B-00C04F79EFBC}") = "ST_LaboratoryWork2Test", "ST_LaboratoryWork2Test\ST_LaboratoryWork2Test.csproj", "{B2AB3A88-0FA3-4EC9-9013-53A60A417F4C}"
EndProject
Global
	GlobalSection(SolutionConfigurationPlatforms) = preSolution
		Debug|Any CPU = Debug|Any CPU
		Release|Any CPU = Release|Any CPU
	EndGlobalSection
	GlobalSection(ProjectConfigurationPlatforms) = postSolution
		{DCBCD515-0D92-42EB-A3EC-9B532F6B2472}.Debug|Any CPU.ActiveCfg = Debug|Any CPU
		{DCBCD515-0D92-42EB-A3EC-9B532F6B2472}.Debug|Any CPU.Build.0 = Debug|Any CPU
		{DCBCD515-0D92-42EB-A3EC-9B532F6B2472}.Release|Any CPU.ActiveCfg = Release|Any CPU
		{DCBCD515-0D92-42EB-A3EC-9B532F6B2472}.Release|Any CPU.Build.0 = Release|Any CPU
		{B2AB3A88-0FA3-4EC9-9013-53A60A417F4C}.Debug|Any CPU.ActiveCfg = Debug|Any CPU
		{B2AB3A88-0FA3-4EC9-9013-53A60A417F4C}.Debug|Any CPU.Build.0 = Debug|Any CPU
		{B2AB3A88-0FA3-4EC9-9013-53A60A417F4C}.Release|Any CPU.ActiveCfg = Release|Any CPU
		{B2AB3A88-0FA3-4EC9-9013-53A60A417F4C}.Release|Any CPU.Build.0 = Release|Any CPU
	EndGlobalSection
	GlobalSection(SolutionProperties) = preSolution
		HideSolutionNode = FALSE
	EndGlobalSection
	GlobalSection(ExtensibilityGlobals) = postSolution
		SolutionGuid = {88350227-FD34-4476-B5F1-6025AC7DAAFA}
	EndGlobalSection
EndGlobal
